uuid: c1f3e31a-f405-4148-bfa4-2b5b6667b5f1
langcode: en
status: true
dependencies:
  config:
    - views.view.user_sessions
  module:
    - system
    - views
  theme:
    - twentyseventeen
id: views_block__user_sessions_user_sessions_block
theme: twentyseventeen
region: content
weight: 0
provider: null
plugin: 'views_block:user_sessions-user_sessions_block'
settings:
  id: 'views_block:user_sessions-user_sessions_block'
  label: ''
  provider: views
  label_display: visible
  views_label: ''
  items_per_page: none
visibility:
  request_path:
    id: request_path
    pages: "/user/*\r\n!/user/*/edit"
    negate: false
    context_mapping: {  }
