uuid: a7ed208a-9246-4ea8-b2f8-62381fc29d72
langcode: en
status: true
dependencies:
  config:
    - views.view.user_sessions
  module:
    - system
    - views
  theme:
    - twentyeighteen
id: twentyeighteen_views_block__user_sessions_user_sessions_block
theme: twentyeighteen
region: content
weight: -4
provider: null
plugin: 'views_block:user_sessions-user_sessions_block'
settings:
  id: 'views_block:user_sessions-user_sessions_block'
  label: ''
  provider: views
  label_display: visible
  views_label: ''
  items_per_page: none
visibility:
  request_path:
    id: request_path
    pages: "/user/*\r\n!/user/*/edit"
    negate: false
    context_mapping: {  }
